
Microsoft Visual Studio Solution File, Format Version 12.00
# Visual Studio 15
VisualStudioVersion = 15.0.28307.168
MinimumVisualStudioVersion = 10.0.40219.1
Project("{8BC9CEB8-8B4A-11D0-8D11-00A0C91BC942}") = "1712863", "1712863\1712863.vcxproj", "{2AC9D549-EF28-40C6-91CC-A6B0C9A8A77C}"
EndProject
Project("{8BC9CEB8-8B4A-11D0-8D11-00A0C91BC942}") = "ConsoleApplication1", "ConsoleApplication1\ConsoleApplication1.vcxproj", "{A2612F86-B2FA-4818-A65D-AF981BF3D7DD}"
EndProject
Global
	GlobalSection(SolutionConfigurationPlatforms) = preSolution
		Debug|Win32 = Debug|Win32
		Debug|x64 = Debug|x64
		Release|Win32 = Release|Win32
		Release|x64 = Release|x64
	EndGlobalSection
	GlobalSection(ProjectConfigurationPlatforms) = postSolution
		{2AC9D549-EF28-40C6-91CC-A6B0C9A8A77C}.Debug|Win32.ActiveCfg = Debug|Win32
		{2AC9D549-EF28-40C6-91CC-A6B0C9A8A77C}.Debug|Win32.Build.0 = Debug|Win32
		{2AC9D549-EF28-40C6-91CC-A6B0C9A8A77C}.Debug|x64.ActiveCfg = Debug|Win32
		{2AC9D549-EF28-40C6-91CC-A6B0C9A8A77C}.Release|Win32.ActiveCfg = Release|Win32
		{2AC9D549-EF28-40C6-91CC-A6B0C9A8A77C}.Release|Win32.Build.0 = Release|Win32
		{2AC9D549-EF28-40C6-91CC-A6B0C9A8A77C}.Release|x64.ActiveCfg = Release|Win32
		{A2612F86-B2FA-4818-A65D-AF981BF3D7DD}.Debug|Win32.ActiveCfg = Debug|Win32
		{A2612F86-B2FA-4818-A65D-AF981BF3D7DD}.Debug|Win32.Build.0 = Debug|Win32
		{A2612F86-B2FA-4818-A65D-AF981BF3D7DD}.Debug|x64.ActiveCfg = Debug|x64
		{A2612F86-B2FA-4818-A65D-AF981BF3D7DD}.Debug|x64.Build.0 = Debug|x64
		{A2612F86-B2FA-4818-A65D-AF981BF3D7DD}.Release|Win32.ActiveCfg = Release|Win32
		{A2612F86-B2FA-4818-A65D-AF981BF3D7DD}.Release|Win32.Build.0 = Release|Win32
		{A2612F86-B2FA-4818-A65D-AF981BF3D7DD}.Release|x64.ActiveCfg = Release|x64
		{A2612F86-B2FA-4818-A65D-AF981BF3D7DD}.Release|x64.Build.0 = Release|x64
	EndGlobalSection
	GlobalSection(SolutionProperties) = preSolution
		HideSolutionNode = FALSE
	EndGlobalSection
	GlobalSection(ExtensibilityGlobals) = postSolution
		SolutionGuid = {FA6718DE-4BBA-435F-8C0A-1E594BF91E08}
	EndGlobalSection
EndGlobal
